
Microsoft Visual Studio Solution File, Format Version 12.00
# Visual Studio Version 17
VisualStudioVersion = 17.1.32210.238
MinimumVisualStudioVersion = 10.0.40219.1
Project("{2150E333-8FDC-42A3-9474-1A3956D46DE8}") = "01 Framework", "01 Framework", "{71F3B404-EFBC-4855-9EA3-51BDB86F52F8}"
EndProject
Project("{2150E333-8FDC-42A3-9474-1A3956D46DE8}") = "02 Common", "02 Common", "{AC7A76E0-D4E2-4905-BA3B-4DF4DFF63CFC}"
EndProject
Project("{2150E333-8FDC-42A3-9474-1A3956D46DE8}") = "03 Presentation", "03 Presentation", "{3A3CECF8-7821-45E1-BE6C-128149633539}"
EndProject
Project("{2150E333-8FDC-42A3-9474-1A3956D46DE8}") = "04 Services", "04 Services", "{3FD54610-28EA-48E1-9241-B93EB5C1B9EA}"
EndProject
Project("{2150E333-8FDC-42A3-9474-1A3956D46DE8}") = "05 Domain", "05 Domain", "{0AE9CF79-C084-4B1B-9DA5-CF8EC61F3DDD}"
EndProject
Project("{9A19103F-16F7-4668-BE54-9A1E7A4F7556}") = "Framework.Authorization.Util", "Framework.Authorization.Util\Framework.Authorization.Util.csproj", "{6DC20409-D74B-4EF5-AF31-6E79B4AB5F85}"
EndProject
Project("{FAE04EC0-301F-11D3-BF4B-00C04F79EFBC}") = "Common.DTOs", "Common.DTOs\Common.DTOs.csproj", "{B14D0ECE-3B17-42CB-9904-79974A8B603D}"
EndProject
Project("{FAE04EC0-301F-11D3-BF4B-00C04F79EFBC}") = "Common.Types", "Common.Types\Common.Types.csproj", "{914E9481-900C-4896-9AD7-F9B719F86FB4}"
EndProject
Project("{FAE04EC0-301F-11D3-BF4B-00C04F79EFBC}") = "Common.Extensions", "Common.Extensions\Common.Extensions.csproj", "{AB0FF494-C781-4824-812C-F15FC0FD3562}"
EndProject
Project("{FAE04EC0-301F-11D3-BF4B-00C04F79EFBC}") = "Presentation.CommonSettings", "Presentation.CommonSettings\Presentation.CommonSettings.csproj", "{BC0B35A3-7A8E-4291-880C-D11844856064}"
EndProject
Project("{FAE04EC0-301F-11D3-BF4B-00C04F79EFBC}") = "Framework.Core", "Framework.Core\Framework.Core.csproj", "{03CD1B18-CDDE-4DDB-BF10-397EE970DFE6}"
EndProject
Project("{FAE04EC0-301F-11D3-BF4B-00C04F79EFBC}") = "Common.Utils", "Common.Utils\Common.Utils.csproj", "{635C965D-E76C-4EFB-8C67-1E94DBF1B3B2}"
EndProject
Project("{9A19103F-16F7-4668-BE54-9A1E7A4F7556}") = "Domain.DataModel", "Domain.DataModel\Domain.DataModel.csproj", "{4E0A9666-9D97-4193-9169-90D56F39E63B}"
EndProject
Project("{FAE04EC0-301F-11D3-BF4B-00C04F79EFBC}") = "TrueHomeTestAPI", "TrueHomeTestAPI\TrueHomeTestAPI.csproj", "{70766085-ADE9-455A-80A7-47F9E68CCDD9}"
EndProject
Project("{FAE04EC0-301F-11D3-BF4B-00C04F79EFBC}") = "Services.TrueHome", "Services.TrueHome\Services.TrueHome.csproj", "{9F5AD200-4E05-4385-9919-8739BB89ABB9}"
EndProject
Project("{FAE04EC0-301F-11D3-BF4B-00C04F79EFBC}") = "IServices.TrueHome", "IServices.TrueHome\IServices.TrueHome.csproj", "{6E68F318-D281-4B53-B280-81A12542C954}"
EndProject
Project("{FAE04EC0-301F-11D3-BF4B-00C04F79EFBC}") = "Repositories.TrueHome", "Repositories.TrueHome\Repositories.TrueHome.csproj", "{C9EB0B23-29E4-489F-9D6E-45D8FACB5D03}"
EndProject
Project("{FAE04EC0-301F-11D3-BF4B-00C04F79EFBC}") = "IRepositories.TrueHome", "IRepositories.TrueHome\IRepositories.TrueHome.csproj", "{2EC2EA41-7F4D-4B4F-B38D-DA1137690358}"
EndProject
Project("{FAE04EC0-301F-11D3-BF4B-00C04F79EFBC}") = "Common.DTOs.FluentValidations", "Common.DTOs.FluentValidations\Common.DTOs.FluentValidations.csproj", "{A09B30E6-9068-48F2-A942-F01D27CC96FE}"
EndProject
Project("{2150E333-8FDC-42A3-9474-1A3956D46DE8}") = "06 Utils", "06 Utils", "{0A1F5419-FB28-4690-A9D9-F0DF16F8ADF2}"
	ProjectSection(SolutionItems) = preProject
		EsquemaBaseDatos.txt = EsquemaBaseDatos.txt
	EndProjectSection
EndProject
Global
	GlobalSection(SolutionConfigurationPlatforms) = preSolution
		Debug|Any CPU = Debug|Any CPU
		Release|Any CPU = Release|Any CPU
	EndGlobalSection
	GlobalSection(ProjectConfigurationPlatforms) = postSolution
		{6DC20409-D74B-4EF5-AF31-6E79B4AB5F85}.Debug|Any CPU.ActiveCfg = Debug|Any CPU
		{6DC20409-D74B-4EF5-AF31-6E79B4AB5F85}.Debug|Any CPU.Build.0 = Debug|Any CPU
		{6DC20409-D74B-4EF5-AF31-6E79B4AB5F85}.Release|Any CPU.ActiveCfg = Release|Any CPU
		{6DC20409-D74B-4EF5-AF31-6E79B4AB5F85}.Release|Any CPU.Build.0 = Release|Any CPU
		{B14D0ECE-3B17-42CB-9904-79974A8B603D}.Debug|Any CPU.ActiveCfg = Debug|Any CPU
		{B14D0ECE-3B17-42CB-9904-79974A8B603D}.Debug|Any CPU.Build.0 = Debug|Any CPU
		{B14D0ECE-3B17-42CB-9904-79974A8B603D}.Release|Any CPU.ActiveCfg = Release|Any CPU
		{B14D0ECE-3B17-42CB-9904-79974A8B603D}.Release|Any CPU.Build.0 = Release|Any CPU
		{914E9481-900C-4896-9AD7-F9B719F86FB4}.Debug|Any CPU.ActiveCfg = Debug|Any CPU
		{914E9481-900C-4896-9AD7-F9B719F86FB4}.Debug|Any CPU.Build.0 = Debug|Any CPU
		{914E9481-900C-4896-9AD7-F9B719F86FB4}.Release|Any CPU.ActiveCfg = Release|Any CPU
		{914E9481-900C-4896-9AD7-F9B719F86FB4}.Release|Any CPU.Build.0 = Release|Any CPU
		{AB0FF494-C781-4824-812C-F15FC0FD3562}.Debug|Any CPU.ActiveCfg = Debug|Any CPU
		{AB0FF494-C781-4824-812C-F15FC0FD3562}.Debug|Any CPU.Build.0 = Debug|Any CPU
		{AB0FF494-C781-4824-812C-F15FC0FD3562}.Release|Any CPU.ActiveCfg = Release|Any CPU
		{AB0FF494-C781-4824-812C-F15FC0FD3562}.Release|Any CPU.Build.0 = Release|Any CPU
		{BC0B35A3-7A8E-4291-880C-D11844856064}.Debug|Any CPU.ActiveCfg = Debug|Any CPU
		{BC0B35A3-7A8E-4291-880C-D11844856064}.Debug|Any CPU.Build.0 = Debug|Any CPU
		{BC0B35A3-7A8E-4291-880C-D11844856064}.Release|Any CPU.ActiveCfg = Release|Any CPU
		{BC0B35A3-7A8E-4291-880C-D11844856064}.Release|Any CPU.Build.0 = Release|Any CPU
		{03CD1B18-CDDE-4DDB-BF10-397EE970DFE6}.Debug|Any CPU.ActiveCfg = Debug|Any CPU
		{03CD1B18-CDDE-4DDB-BF10-397EE970DFE6}.Debug|Any CPU.Build.0 = Debug|Any CPU
		{03CD1B18-CDDE-4DDB-BF10-397EE970DFE6}.Release|Any CPU.ActiveCfg = Release|Any CPU
		{03CD1B18-CDDE-4DDB-BF10-397EE970DFE6}.Release|Any CPU.Build.0 = Release|Any CPU
		{635C965D-E76C-4EFB-8C67-1E94DBF1B3B2}.Debug|Any CPU.ActiveCfg = Debug|Any CPU
		{635C965D-E76C-4EFB-8C67-1E94DBF1B3B2}.Debug|Any CPU.Build.0 = Debug|Any CPU
		{635C965D-E76C-4EFB-8C67-1E94DBF1B3B2}.Release|Any CPU.ActiveCfg = Release|Any CPU
		{635C965D-E76C-4EFB-8C67-1E94DBF1B3B2}.Release|Any CPU.Build.0 = Release|Any CPU
		{4E0A9666-9D97-4193-9169-90D56F39E63B}.Debug|Any CPU.ActiveCfg = Debug|Any CPU
		{4E0A9666-9D97-4193-9169-90D56F39E63B}.Debug|Any CPU.Build.0 = Debug|Any CPU
		{4E0A9666-9D97-4193-9169-90D56F39E63B}.Release|Any CPU.ActiveCfg = Release|Any CPU
		{4E0A9666-9D97-4193-9169-90D56F39E63B}.Release|Any CPU.Build.0 = Release|Any CPU
		{70766085-ADE9-455A-80A7-47F9E68CCDD9}.Debug|Any CPU.ActiveCfg = Debug|Any CPU
		{70766085-ADE9-455A-80A7-47F9E68CCDD9}.Debug|Any CPU.Build.0 = Debug|Any CPU
		{70766085-ADE9-455A-80A7-47F9E68CCDD9}.Release|Any CPU.ActiveCfg = Release|Any CPU
		{70766085-ADE9-455A-80A7-47F9E68CCDD9}.Release|Any CPU.Build.0 = Release|Any CPU
		{9F5AD200-4E05-4385-9919-8739BB89ABB9}.Debug|Any CPU.ActiveCfg = Debug|Any CPU
		{9F5AD200-4E05-4385-9919-8739BB89ABB9}.Debug|Any CPU.Build.0 = Debug|Any CPU
		{9F5AD200-4E05-4385-9919-8739BB89ABB9}.Release|Any CPU.ActiveCfg = Release|Any CPU
		{9F5AD200-4E05-4385-9919-8739BB89ABB9}.Release|Any CPU.Build.0 = Release|Any CPU
		{6E68F318-D281-4B53-B280-81A12542C954}.Debug|Any CPU.ActiveCfg = Debug|Any CPU
		{6E68F318-D281-4B53-B280-81A12542C954}.Debug|Any CPU.Build.0 = Debug|Any CPU
		{6E68F318-D281-4B53-B280-81A12542C954}.Release|Any CPU.ActiveCfg = Release|Any CPU
		{6E68F318-D281-4B53-B280-81A12542C954}.Release|Any CPU.Build.0 = Release|Any CPU
		{C9EB0B23-29E4-489F-9D6E-45D8FACB5D03}.Debug|Any CPU.ActiveCfg = Debug|Any CPU
		{C9EB0B23-29E4-489F-9D6E-45D8FACB5D03}.Debug|Any CPU.Build.0 = Debug|Any CPU
		{C9EB0B23-29E4-489F-9D6E-45D8FACB5D03}.Release|Any CPU.ActiveCfg = Release|Any CPU
		{C9EB0B23-29E4-489F-9D6E-45D8FACB5D03}.Release|Any CPU.Build.0 = Release|Any CPU
		{2EC2EA41-7F4D-4B4F-B38D-DA1137690358}.Debug|Any CPU.ActiveCfg = Debug|Any CPU
		{2EC2EA41-7F4D-4B4F-B38D-DA1137690358}.Debug|Any CPU.Build.0 = Debug|Any CPU
		{2EC2EA41-7F4D-4B4F-B38D-DA1137690358}.Release|Any CPU.ActiveCfg = Release|Any CPU
		{2EC2EA41-7F4D-4B4F-B38D-DA1137690358}.Release|Any CPU.Build.0 = Release|Any CPU
		{A09B30E6-9068-48F2-A942-F01D27CC96FE}.Debug|Any CPU.ActiveCfg = Debug|Any CPU
		{A09B30E6-9068-48F2-A942-F01D27CC96FE}.Debug|Any CPU.Build.0 = Debug|Any CPU
		{A09B30E6-9068-48F2-A942-F01D27CC96FE}.Release|Any CPU.ActiveCfg = Release|Any CPU
		{A09B30E6-9068-48F2-A942-F01D27CC96FE}.Release|Any CPU.Build.0 = Release|Any CPU
	EndGlobalSection
	GlobalSection(SolutionProperties) = preSolution
		HideSolutionNode = FALSE
	EndGlobalSection
	GlobalSection(NestedProjects) = preSolution
		{6DC20409-D74B-4EF5-AF31-6E79B4AB5F85} = {71F3B404-EFBC-4855-9EA3-51BDB86F52F8}
		{B14D0ECE-3B17-42CB-9904-79974A8B603D} = {AC7A76E0-D4E2-4905-BA3B-4DF4DFF63CFC}
		{914E9481-900C-4896-9AD7-F9B719F86FB4} = {AC7A76E0-D4E2-4905-BA3B-4DF4DFF63CFC}
		{AB0FF494-C781-4824-812C-F15FC0FD3562} = {AC7A76E0-D4E2-4905-BA3B-4DF4DFF63CFC}
		{BC0B35A3-7A8E-4291-880C-D11844856064} = {3A3CECF8-7821-45E1-BE6C-128149633539}
		{03CD1B18-CDDE-4DDB-BF10-397EE970DFE6} = {71F3B404-EFBC-4855-9EA3-51BDB86F52F8}
		{635C965D-E76C-4EFB-8C67-1E94DBF1B3B2} = {AC7A76E0-D4E2-4905-BA3B-4DF4DFF63CFC}
		{4E0A9666-9D97-4193-9169-90D56F39E63B} = {0AE9CF79-C084-4B1B-9DA5-CF8EC61F3DDD}
		{70766085-ADE9-455A-80A7-47F9E68CCDD9} = {3A3CECF8-7821-45E1-BE6C-128149633539}
		{9F5AD200-4E05-4385-9919-8739BB89ABB9} = {3FD54610-28EA-48E1-9241-B93EB5C1B9EA}
		{6E68F318-D281-4B53-B280-81A12542C954} = {3FD54610-28EA-48E1-9241-B93EB5C1B9EA}
		{C9EB0B23-29E4-489F-9D6E-45D8FACB5D03} = {0AE9CF79-C084-4B1B-9DA5-CF8EC61F3DDD}
		{2EC2EA41-7F4D-4B4F-B38D-DA1137690358} = {0AE9CF79-C084-4B1B-9DA5-CF8EC61F3DDD}
		{A09B30E6-9068-48F2-A942-F01D27CC96FE} = {AC7A76E0-D4E2-4905-BA3B-4DF4DFF63CFC}
	EndGlobalSection
	GlobalSection(ExtensibilityGlobals) = postSolution
		SolutionGuid = {4A365714-E554-46E3-85E6-41FB662A4026}
	EndGlobalSection
EndGlobal
